// !$*UTF8*$!
{
	archiveVersion = 1;
	classes = {
	};
	objectVersion = 50;
	objects = {

/* Begin PBXBuildFile section */
		78FDC71D26E6C62200566E53 /* AppDelegate.swift in Sources */ = {isa = PBXBuildFile; fileRef = 78FDC71C26E6C62200566E53 /* AppDelegate.swift */; };
		78FDC71F26E6C62200566E53 /* SceneDelegate.swift in Sources */ = {isa = PBXBuildFile; fileRef = 78FDC71E26E6C62200566E53 /* SceneDelegate.swift */; };
		78FDC72126E6C62200566E53 /* ViewController.swift in Sources */ = {isa = PBXBuildFile; fileRef = 78FDC72026E6C62200566E53 /* ViewController.swift */; };
		78FDC72426E6C62200566E53 /* Main.storyboard in Resources */ = {isa = PBXBuildFile; fileRef = 78FDC72226E6C62200566E53 /* Main.storyboard */; };
		78FDC72626E6C62300566E53 /* Assets.xcassets in Resources */ = {isa = PBXBuildFile; fileRef = 78FDC72526E6C62300566E53 /* Assets.xcassets */; };
		78FDC72926E6C62300566E53 /* LaunchScreen.storyboard in Resources */ = {isa = PBXBuildFile; fileRef = 78FDC72726E6C62300566E53 /* LaunchScreen.storyboard */; };
		78FDC73426E6C62400566E53 /* You_Are_Awesome_Tests.swift in Sources */ = {isa = PBXBuildFile; fileRef = 78FDC73326E6C62400566E53 /* You_Are_Awesome_Tests.swift */; };
		78FDC73F26E6C62400566E53 /* You_Are_Awesome_UITests.swift in Sources */ = {isa = PBXBuildFile; fileRef = 78FDC73E26E6C62400566E53 /* You_Are_Awesome_UITests.swift */; };
/* End PBXBuildFile section */

/* Begin PBXContainerItemProxy section */
		78FDC73026E6C62400566E53 /* PBXContainerItemProxy */ = {
			isa = PBXContainerItemProxy;
			containerPortal = 78FDC71126E6C62200566E53 /* Project object */;
			proxyType = 1;
			remoteGlobalIDString = 78FDC71826E6C62200566E53;
			remoteInfo = "You Are Awesome!";
		};
		78FDC73B26E6C62400566E53 /* PBXContainerItemProxy */ = {
			isa = PBXContainerItemProxy;
			containerPortal = 78FDC71126E6C62200566E53 /* Project object */;
			proxyType = 1;
			remoteGlobalIDString = 78FDC71826E6C62200566E53;
			remoteInfo = "You Are Awesome!";
		};
/* End PBXContainerItemProxy section */

/* Begin PBXFileReference section */
		78FDC71926E6C62200566E53 /* You Are Awesome!.app */ = {isa = PBXFileReference; explicitFileType = wrapper.application; includeInIndex = 0; path = "You Are Awesome!.app"; sourceTree = BUILT_PRODUCTS_DIR; };
		78FDC71C26E6C62200566E53 /* AppDelegate.swift */ = {isa = PBXFileReference; lastKnownFileType = sourcecode.swift; path = AppDelegate.swift; sourceTree = "<group>"; };
		78FDC71E26E6C62200566E53 /* SceneDelegate.swift */ = {isa = PBXFileReference; lastKnownFileType = sourcecode.swift; path = SceneDelegate.swift; sourceTree = "<group>"; };
		78FDC72026E6C62200566E53 /* ViewController.swift */ = {isa = PBXFileReference; lastKnownFileType = sourcecode.swift; path = ViewController.swift; sourceTree = "<group>"; };
		78FDC72326E6C62200566E53 /* Base */ = {isa = PBXFileReference; lastKnownFileType = file.storyboard; name = Base; path = Base.lproj/Main.storyboard; sourceTree = "<group>"; };
		78FDC72526E6C62300566E53 /* Assets.xcassets */ = {isa = PBXFileReference; lastKnownFileType = folder.assetcatalog; path = Assets.xcassets; sourceTree = "<group>"; };
		78FDC72826E6C62300566E53 /* Base */ = {isa = PBXFileReference; lastKnownFileType = file.storyboard; name = Base; path = Base.lproj/LaunchScreen.storyboard; sourceTree = "<group>"; };
		78FDC72A26E6C62300566E53 /* Info.plist */ = {isa = PBXFileReference; lastKnownFileType = text.plist.xml; path = Info.plist; sourceTree = "<group>"; };
		78FDC72F26E6C62400566E53 /* You Are Awesome!Tests.xctest */ = {isa = PBXFileReference; explicitFileType = wrapper.cfbundle; includeInIndex = 0; path = "You Are Awesome!Tests.xctest"; sourceTree = BUILT_PRODUCTS_DIR; };
		78FDC73326E6C62400566E53 /* You_Are_Awesome_Tests.swift */ = {isa = PBXFileReference; lastKnownFileType = sourcecode.swift; path = You_Are_Awesome_Tests.swift; sourceTree = "<group>"; };
		78FDC73526E6C62400566E53 /* Info.plist */ = {isa = PBXFileReference; lastKnownFileType = text.plist.xml; path = Info.plist; sourceTree = "<group>"; };
		78FDC73A26E6C62400566E53 /* You Are Awesome!UITests.xctest */ = {isa = PBXFileReference; explicitFileType = wrapper.cfbundle; includeInIndex = 0; path = "You Are Awesome!UITests.xctest"; sourceTree = BUILT_PRODUCTS_DIR; };
		78FDC73E26E6C62400566E53 /* You_Are_Awesome_UITests.swift */ = {isa = PBXFileReference; lastKnownFileType = sourcecode.swift; path = You_Are_Awesome_UITests.swift; sourceTree = "<group>"; };
		78FDC74026E6C62400566E53 /* Info.plist */ = {isa = PBXFileReference; lastKnownFileType = text.plist.xml; path = Info.plist; sourceTree = "<group>"; };
/* End PBXFileReference section */

/* Begin PBXFrameworksBuildPhase section */
		78FDC71626E6C62200566E53 /* Frameworks */ = {
			isa = PBXFrameworksBuildPhase;
			buildActionMask = 2147483647;
			files = (
			);
			runOnlyForDeploymentPostprocessing = 0;
		};
		78FDC72C26E6C62400566E53 /* Frameworks */ = {
			isa = PBXFrameworksBuildPhase;
			buildActionMask = 2147483647;
			files = (
			);
			runOnlyForDeploymentPostprocessing = 0;
		};
		78FDC73726E6C62400566E53 /* Frameworks */ = {
			isa = PBXFrameworksBuildPhase;
			buildActionMask = 2147483647;
			files = (
			);
			runOnlyForDeploymentPostprocessing = 0;
		};
/* End PBXFrameworksBuildPhase section */

/* Begin PBXGroup section */
		78FDC71026E6C62200566E53 = {
			isa = PBXGroup;
			children = (
				78FDC71B26E6C62200566E53 /* You Are Awesome! */,
				78FDC73226E6C62400566E53 /* You Are Awesome!Tests */,
				78FDC73D26E6C62400566E53 /* You Are Awesome!UITests */,
				78FDC71A26E6C62200566E53 /* Products */,
			);
			sourceTree = "<group>";
		};
		78FDC71A26E6C62200566E53 /* Products */ = {
			isa = PBXGroup;
			children = (
				78FDC71926E6C62200566E53 /* You Are Awesome!.app */,
				78FDC72F26E6C62400566E53 /* You Are Awesome!Tests.xctest */,
				78FDC73A26E6C62400566E53 /* You Are Awesome!UITests.xctest */,
			);
			name = Products;
			sourceTree = "<group>";
		};
		78FDC71B26E6C62200566E53 /* You Are Awesome! */ = {
			isa = PBXGroup;
			children = (
				78FDC71C26E6C62200566E53 /* AppDelegate.swift */,
				78FDC71E26E6C62200566E53 /* SceneDelegate.swift */,
				78FDC72026E6C62200566E53 /* ViewController.swift */,
				78FDC72226E6C62200566E53 /* Main.storyboard */,
				78FDC72526E6C62300566E53 /* Assets.xcassets */,
				78FDC72726E6C62300566E53 /* LaunchScreen.storyboard */,
				78FDC72A26E6C62300566E53 /* Info.plist */,
			);
			path = "You Are Awesome!";
			sourceTree = "<group>";
		};
		78FDC73226E6C62400566E53 /* You Are Awesome!Tests */ = {
			isa = PBXGroup;
			children = (
				78FDC73326E6C62400566E53 /* You_Are_Awesome_Tests.swift */,
				78FDC73526E6C62400566E53 /* Info.plist */,
			);
			path = "You Are Awesome!Tests";
			sourceTree = "<group>";
		};
		78FDC73D26E6C62400566E53 /* You Are Awesome!UITests */ = {
			isa = PBXGroup;
			children = (
				78FDC73E26E6C62400566E53 /* You_Are_Awesome_UITests.swift */,
				78FDC74026E6C62400566E53 /* Info.plist */,
			);
			path = "You Are Awesome!UITests";
			sourceTree = "<group>";
		};
/* End PBXGroup section */

/* Begin PBXNativeTarget section */
		78FDC71826E6C62200566E53 /* You Are Awesome! */ = {
			isa = PBXNativeTarget;
			buildConfigurationList = 78FDC74326E6C62400566E53 /* Build configuration list for PBXNativeTarget "You Are Awesome!" */;
			buildPhases = (
				78FDC71526E6C62200566E53 /* Sources */,
				78FDC71626E6C62200566E53 /* Frameworks */,
				78FDC71726E6C62200566E53 /* Resources */,
			);
			buildRules = (
			);
			dependencies = (
			);
			name = "You Are Awesome!";
			productName = "You Are Awesome!";
			productReference = 78FDC71926E6C62200566E53 /* You Are Awesome!.app */;
			productType = "com.apple.product-type.application";
		};
		78FDC72E26E6C62400566E53 /* You Are Awesome!Tests */ = {
			isa = PBXNativeTarget;
			buildConfigurationList = 78FDC74626E6C62400566E53 /* Build configuration list for PBXNativeTarget "You Are Awesome!Tests" */;
			buildPhases = (
				78FDC72B26E6C62400566E53 /* Sources */,
				78FDC72C26E6C62400566E53 /* Frameworks */,
				78FDC72D26E6C62400566E53 /* Resources */,
			);
			buildRules = (
			);
			dependencies = (
				78FDC73126E6C62400566E53 /* PBXTargetDependency */,
			);
			name = "You Are Awesome!Tests";
			productName = "You Are Awesome!Tests";
			productReference = 78FDC72F26E6C62400566E53 /* You Are Awesome!Tests.xctest */;
			productType = "com.apple.product-type.bundle.unit-test";
		};
		78FDC73926E6C62400566E53 /* You Are Awesome!UITests */ = {
			isa = PBXNativeTarget;
			buildConfigurationList = 78FDC74926E6C62400566E53 /* Build configuration list for PBXNativeTarget "You Are Awesome!UITests" */;
			buildPhases = (
				78FDC73626E6C62400566E53 /* Sources */,
				78FDC73726E6C62400566E53 /* Frameworks */,
				78FDC73826E6C62400566E53 /* Resources */,
			);
			buildRules = (
			);
			dependencies = (
				78FDC73C26E6C62400566E53 /* PBXTargetDependency */,
			);
			name = "You Are Awesome!UITests";
			productName = "You Are Awesome!UITests";
			productReference = 78FDC73A26E6C62400566E53 /* You Are Awesome!UITests.xctest */;
			productType = "com.apple.product-type.bundle.ui-testing";
		};
/* End PBXNativeTarget section */

/* Begin PBXProject section */
		78FDC71126E6C62200566E53 /* Project object */ = {
			isa = PBXProject;
			attributes = {
				LastSwiftUpdateCheck = 1200;
				LastUpgradeCheck = 1200;
				TargetAttributes = {
					78FDC71826E6C62200566E53 = {
						CreatedOnToolsVersion = 12.0.1;
					};
					78FDC72E26E6C62400566E53 = {
						CreatedOnToolsVersion = 12.0.1;
						TestTargetID = 78FDC71826E6C62200566E53;
					};
					78FDC73926E6C62400566E53 = {
						CreatedOnToolsVersion = 12.0.1;
						TestTargetID = 78FDC71826E6C62200566E53;
					};
				};
			};
			buildConfigurationList = 78FDC71426E6C62200566E53 /* Build configuration list for PBXProject "You Are Awesome!" */;
			compatibilityVersion = "Xcode 9.3";
			developmentRegion = en;
			hasScannedForEncodings = 0;
			knownRegions = (
				en,
				Base,
			);
			mainGroup = 78FDC71026E6C62200566E53;
			productRefGroup = 78FDC71A26E6C62200566E53 /* Products */;
			projectDirPath = "";
			projectRoot = "";
			targets = (
				78FDC71826E6C62200566E53 /* You Are Awesome! */,
				78FDC72E26E6C62400566E53 /* You Are Awesome!Tests */,
				78FDC73926E6C62400566E53 /* You Are Awesome!UITests */,
			);
		};
/* End PBXProject section */

/* Begin PBXResourcesBuildPhase section */
		78FDC71726E6C62200566E53 /* Resources */ = {
			isa = PBXResourcesBuildPhase;
			buildActionMask = 2147483647;
			files = (
				78FDC72926E6C62300566E53 /* LaunchScreen.storyboard in Resources */,
				78FDC72626E6C62300566E53 /* Assets.xcassets in Resources */,
				78FDC72426E6C62200566E53 /* Main.storyboard in Resources */,
			);
			runOnlyForDeploymentPostprocessing = 0;
		};
		78FDC72D26E6C62400566E53 /* Resources */ = {
			isa = PBXResourcesBuildPhase;
			buildActionMask = 2147483647;
			files = (
			);
			runOnlyForDeploymentPostprocessing = 0;
		};
		78FDC73826E6C62400566E53 /* Resources */ = {
			isa = PBXResourcesBuildPhase;
			buildActionMask = 2147483647;
			files = (
			);
			runOnlyForDeploymentPostprocessing = 0;
		};
/* End PBXResourcesBuildPhase section */

/* Begin PBXSourcesBuildPhase section */
		78FDC71526E6C62200566E53 /* Sources */ = {
			isa = PBXSourcesBuildPhase;
			buildActionMask = 2147483647;
			files = (
				78FDC72126E6C62200566E53 /* ViewController.swift in Sources */,
				78FDC71D26E6C62200566E53 /* AppDelegate.swift in Sources */,
				78FDC71F26E6C62200566E53 /* SceneDelegate.swift in Sources */,
			);
			runOnlyForDeploymentPostprocessing = 0;
		};
		78FDC72B26E6C62400566E53 /* Sources */ = {
			isa = PBXSourcesBuildPhase;
			buildActionMask = 2147483647;
			files = (
				78FDC73426E6C62400566E53 /* You_Are_Awesome_Tests.swift in Sources */,
			);
			runOnlyForDeploymentPostprocessing = 0;
		};
		78FDC73626E6C62400566E53 /* Sources */ = {
			isa = PBXSourcesBuildPhase;
			buildActionMask = 2147483647;
			files = (
				78FDC73F26E6C62400566E53 /* You_Are_Awesome_UITests.swift in Sources */,
			);
			runOnlyForDeploymentPostprocessing = 0;
		};
/* End PBXSourcesBuildPhase section */

/* Begin PBXTargetDependency section */
		78FDC73126E6C62400566E53 /* PBXTargetDependency */ = {
			isa = PBXTargetDependency;
			target = 78FDC71826E6C62200566E53 /* You Are Awesome! */;
			targetProxy = 78FDC73026E6C62400566E53 /* PBXContainerItemProxy */;
		};
		78FDC73C26E6C62400566E53 /* PBXTargetDependency */ = {
			isa = PBXTargetDependency;
			target = 78FDC71826E6C62200566E53 /* You Are Awesome! */;
			targetProxy = 78FDC73B26E6C62400566E53 /* PBXContainerItemProxy */;
		};
/* End PBXTargetDependency section */

/* Begin PBXVariantGroup section */
		78FDC72226E6C62200566E53 /* Main.storyboard */ = {
			isa = PBXVariantGroup;
			children = (
				78FDC72326E6C62200566E53 /* Base */,
			);
			name = Main.storyboard;
			sourceTree = "<group>";
		};
		78FDC72726E6C62300566E53 /* LaunchScreen.storyboard */ = {
			isa = PBXVariantGroup;
			children = (
				78FDC72826E6C62300566E53 /* Base */,
			);
			name = LaunchScreen.storyboard;
			sourceTree = "<group>";
		};
/* End PBXVariantGroup section */

/* Begin XCBuildConfiguration section */
		78FDC74126E6C62400566E53 /* Debug */ = {
			isa = XCBuildConfiguration;
			buildSettings = {
				ALWAYS_SEARCH_USER_PATHS = NO;
				CLANG_ANALYZER_NONNULL = YES;
				CLANG_ANALYZER_NUMBER_OBJECT_CONVERSION = YES_AGGRESSIVE;
				CLANG_CXX_LANGUAGE_STANDARD = "gnu++14";
				CLANG_CXX_LIBRARY = "libc++";
				CLANG_ENABLE_MODULES = YES;
				CLANG_ENABLE_OBJC_ARC = YES;
				CLANG_ENABLE_OBJC_WEAK = YES;
				CLANG_WARN_BLOCK_CAPTURE_AUTORELEASING = YES;
				CLANG_WARN_BOOL_CONVERSION = YES;
				CLANG_WARN_COMMA = YES;
				CLANG_WARN_CONSTANT_CONVERSION = YES;
				CLANG_WARN_DEPRECATED_OBJC_IMPLEMENTATIONS = YES;
				CLANG_WARN_DIRECT_OBJC_ISA_USAGE = YES_ERROR;
				CLANG_WARN_DOCUMENTATION_COMMENTS = YES;
				CLANG_WARN_EMPTY_BODY = YES;
				CLANG_WARN_ENUM_CONVERSION = YES;
				CLANG_WARN_INFINITE_RECURSION = YES;
				CLANG_WARN_INT_CONVERSION = YES;
				CLANG_WARN_NON_LITERAL_NULL_CONVERSION = YES;
				CLANG_WARN_OBJC_IMPLICIT_RETAIN_SELF = YES;
				CLANG_WARN_OBJC_LITERAL_CONVERSION = YES;
				CLANG_WARN_OBJC_ROOT_CLASS = YES_ERROR;
				CLANG_WARN_QUOTED_INCLUDE_IN_FRAMEWORK_HEADER = YES;
				CLANG_WARN_RANGE_LOOP_ANALYSIS = YES;
				CLANG_WARN_STRICT_PROTOTYPES = YES;
				CLANG_WARN_SUSPICIOUS_MOVE = YES;
				CLANG_WARN_UNGUARDED_AVAILABILITY = YES_AGGRESSIVE;
				CLANG_WARN_UNREACHABLE_CODE = YES;
				CLANG_WARN__DUPLICATE_METHOD_MATCH = YES;
				COPY_PHASE_STRIP = NO;
				DEBUG_INFORMATION_FORMAT = dwarf;
				ENABLE_STRICT_OBJC_MSGSEND = YES;
				ENABLE_TESTABILITY = YES;
				GCC_C_LANGUAGE_STANDARD = gnu11;
				GCC_DYNAMIC_NO_PIC = NO;
				GCC_NO_COMMON_BLOCKS = YES;
				GCC_OPTIMIZATION_LEVEL = 0;
				GCC_PREPROCESSOR_DEFINITIONS = (
					"DEBUG=1",
					"$(inherited)",
				);
				GCC_WARN_64_TO_32_BIT_CONVERSION = YES;
				GCC_WARN_ABOUT_RETURN_TYPE = YES_ERROR;
				GCC_WARN_UNDECLARED_SELECTOR = YES;
				GCC_WARN_UNINITIALIZED_AUTOS = YES_AGGRESSIVE;
				GCC_WARN_UNUSED_FUNCTION = YES;
				GCC_WARN_UNUSED_VARIABLE = YES;
				IPHONEOS_DEPLOYMENT_TARGET = 14.0;
				MTL_ENABLE_DEBUG_INFO = INCLUDE_SOURCE;
				MTL_FAST_MATH = YES;
				ONLY_ACTIVE_ARCH = YES;
				SDKROOT = iphoneos;
				SWIFT_ACTIVE_COMPILATION_CONDITIONS = DEBUG;
				SWIFT_OPTIMIZATION_LEVEL = "-Onone";
			};
			name = Debug;
		};
		78FDC74226E6C62400566E53 /* Release */ = {
			isa = XCBuildConfiguration;
			buildSettings = {
				ALWAYS_SEARCH_USER_PATHS = NO;
				CLANG_ANALYZER_NONNULL = YES;
				CLANG_ANALYZER_NUMBER_OBJECT_CONVERSION = YES_AGGRESSIVE;
				CLANG_CXX_LANGUAGE_STANDARD = "gnu++14";
				CLANG_CXX_LIBRARY = "libc++";
				CLANG_ENABLE_MODULES = YES;
				CLANG_ENABLE_OBJC_ARC = YES;
				CLANG_ENABLE_OBJC_WEAK = YES;
				CLANG_WARN_BLOCK_CAPTURE_AUTORELEASING = YES;
				CLANG_WARN_BOOL_CONVERSION = YES;
				CLANG_WARN_COMMA = YES;
				CLANG_WARN_CONSTANT_CONVERSION = YES;
				CLANG_WARN_DEPRECATED_OBJC_IMPLEMENTATIONS = YES;
				CLANG_WARN_DIRECT_OBJC_ISA_USAGE = YES_ERROR;
				CLANG_WARN_DOCUMENTATION_COMMENTS = YES;
				CLANG_WARN_EMPTY_BODY = YES;
				CLANG_WARN_ENUM_CONVERSION = YES;
				CLANG_WARN_INFINITE_RECURSION = YES;
				CLANG_WARN_INT_CONVERSION = YES;
				CLANG_WARN_NON_LITERAL_NULL_CONVERSION = YES;
				CLANG_WARN_OBJC_IMPLICIT_RETAIN_SELF = YES;
				CLANG_WARN_OBJC_LITERAL_CONVERSION = YES;
				CLANG_WARN_OBJC_ROOT_CLASS = YES_ERROR;
				CLANG_WARN_QUOTED_INCLUDE_IN_FRAMEWORK_HEADER = YES;
				CLANG_WARN_RANGE_LOOP_ANALYSIS = YES;
				CLANG_WARN_STRICT_PROTOTYPES = YES;
				CLANG_WARN_SUSPICIOUS_MOVE = YES;
				CLANG_WARN_UNGUARDED_AVAILABILITY = YES_AGGRESSIVE;
				CLANG_WARN_UNREACHABLE_CODE = YES;
				CLANG_WARN__DUPLICATE_METHOD_MATCH = YES;
				COPY_PHASE_STRIP = NO;
				DEBUG_INFORMATION_FORMAT = "dwarf-with-dsym";
				ENABLE_NS_ASSERTIONS = NO;
				ENABLE_STRICT_OBJC_MSGSEND = YES;
				GCC_C_LANGUAGE_STANDARD = gnu11;
				GCC_NO_COMMON_BLOCKS = YES;
				GCC_WARN_64_TO_32_BIT_CONVERSION = YES;
				GCC_WARN_ABOUT_RETURN_TYPE = YES_ERROR;
				GCC_WARN_UNDECLARED_SELECTOR = YES;
				GCC_WARN_UNINITIALIZED_AUTOS = YES_AGGRESSIVE;
				GCC_WARN_UNUSED_FUNCTION = YES;
				GCC_WARN_UNUSED_VARIABLE = YES;
				IPHONEOS_DEPLOYMENT_TARGET = 14.0;
				MTL_ENABLE_DEBUG_INFO = NO;
				MTL_FAST_MATH = YES;
				SDKROOT = iphoneos;
				SWIFT_COMPILATION_MODE = wholemodule;
				SWIFT_OPTIMIZATION_LEVEL = "-O";
				VALIDATE_PRODUCT = YES;
			};
			name = Release;
		};
		78FDC74426E6C62400566E53 /* Debug */ = {
			isa = XCBuildConfiguration;
			buildSettings = {
				ASSETCATALOG_COMPILER_APPICON_NAME = AppIcon;
				ASSETCATALOG_COMPILER_GLOBAL_ACCENT_COLOR_NAME = AccentColor;
				CODE_SIGN_STYLE = Automatic;
				DEVELOPMENT_TEAM = H62NFT3NZ5;
				INFOPLIST_FILE = "You Are Awesome!/Info.plist";
				LD_RUNPATH_SEARCH_PATHS = (
					"$(inherited)",
					"@executable_path/Frameworks",
				);
				PRODUCT_BUNDLE_IDENTIFIER = "com.modugno.You-Are-Awesome-";
				PRODUCT_NAME = "$(TARGET_NAME)";
				SWIFT_VERSION = 5.0;
				TARGETED_DEVICE_FAMILY = "1,2";
			};
			name = Debug;
		};
		78FDC74526E6C62400566E53 /* Release */ = {
			isa = XCBuildConfiguration;
			buildSettings = {
				ASSETCATALOG_COMPILER_APPICON_NAME = AppIcon;
				ASSETCATALOG_COMPILER_GLOBAL_ACCENT_COLOR_NAME = AccentColor;
				CODE_SIGN_STYLE = Automatic;
				DEVELOPMENT_TEAM = H62NFT3NZ5;
				INFOPLIST_FILE = "You Are Awesome!/Info.plist";
				LD_RUNPATH_SEARCH_PATHS = (
					"$(inherited)",
					"@executable_path/Frameworks",
				);
				PRODUCT_BUNDLE_IDENTIFIER = "com.modugno.You-Are-Awesome-";
				PRODUCT_NAME = "$(TARGET_NAME)";
				SWIFT_VERSION = 5.0;
				TARGETED_DEVICE_FAMILY = "1,2";
			};
			name = Release;
		};
		78FDC74726E6C62400566E53 /* Debug */ = {
			isa = XCBuildConfiguration;
			buildSettings = {
				ALWAYS_EMBED_SWIFT_STANDARD_LIBRARIES = YES;
				BUNDLE_LOADER = "$(TEST_HOST)";
				CODE_SIGN_STYLE = Automatic;
				DEVELOPMENT_TEAM = H62NFT3NZ5;
				INFOPLIST_FILE = "You Are Awesome!Tests/Info.plist";
				IPHONEOS_DEPLOYMENT_TARGET = 14.0;
				LD_RUNPATH_SEARCH_PATHS = (
					"$(inherited)",
					"@executable_path/Frameworks",
					"@loader_path/Frameworks",
				);
				PRODUCT_BUNDLE_IDENTIFIER = "com.modugno.You-Are-Awesome-Tests";
				PRODUCT_NAME = "$(TARGET_NAME)";
				SWIFT_VERSION = 5.0;
				TARGETED_DEVICE_FAMILY = "1,2";
				TEST_HOST = "$(BUILT_PRODUCTS_DIR)/You Are Awesome!.app/You Are Awesome!";
			};
			name = Debug;
		};
		78FDC74826E6C62400566E53 /* Release */ = {
			isa = XCBuildConfiguration;
			buildSettings = {
				ALWAYS_EMBED_SWIFT_STANDARD_LIBRARIES = YES;
				BUNDLE_LOADER = "$(TEST_HOST)";
				CODE_SIGN_STYLE = Automatic;
				DEVELOPMENT_TEAM = H62NFT3NZ5;
				INFOPLIST_FILE = "You Are Awesome!Tests/Info.plist";
				IPHONEOS_DEPLOYMENT_TARGET = 14.0;
				LD_RUNPATH_SEARCH_PATHS = (
					"$(inherited)",
					"@executable_path/Frameworks",
					"@loader_path/Frameworks",
				);
				PRODUCT_BUNDLE_IDENTIFIER = "com.modugno.You-Are-Awesome-Tests";
				PRODUCT_NAME = "$(TARGET_NAME)";
				SWIFT_VERSION = 5.0;
				TARGETED_DEVICE_FAMILY = "1,2";
				TEST_HOST = "$(BUILT_PRODUCTS_DIR)/You Are Awesome!.app/You Are Awesome!";
			};
			name = Release;
		};
		78FDC74A26E6C62400566E53 /* Debug */ = {
			isa = XCBuildConfiguration;
			buildSettings = {
				ALWAYS_EMBED_SWIFT_STANDARD_LIBRARIES = YES;
				CODE_SIGN_STYLE = Automatic;
				DEVELOPMENT_TEAM = H62NFT3NZ5;
				INFOPLIST_FILE = "You Are Awesome!UITests/Info.plist";
				LD_RUNPATH_SEARCH_PATHS = (
					"$(inherited)",
					"@executable_path/Frameworks",
					"@loader_path/Frameworks",
				);
				PRODUCT_BUNDLE_IDENTIFIER = "com.modugno.You-Are-Awesome-UITests";
				PRODUCT_NAME = "$(TARGET_NAME)";
				SWIFT_VERSION = 5.0;
				TARGETED_DEVICE_FAMILY = "1,2";
				TEST_TARGET_NAME = "You Are Awesome!";
			};
			name = Debug;
		};
		78FDC74B26E6C62400566E53 /* Release */ = {
			isa = XCBuildConfiguration;
			buildSettings = {
				ALWAYS_EMBED_SWIFT_STANDARD_LIBRARIES = YES;
				CODE_SIGN_STYLE = Automatic;
				DEVELOPMENT_TEAM = H62NFT3NZ5;
				INFOPLIST_FILE = "You Are Awesome!UITests/Info.plist";
				LD_RUNPATH_SEARCH_PATHS = (
					"$(inherited)",
					"@executable_path/Frameworks",
					"@loader_path/Frameworks",
				);
				PRODUCT_BUNDLE_IDENTIFIER = "com.modugno.You-Are-Awesome-UITests";
				PRODUCT_NAME = "$(TARGET_NAME)";
				SWIFT_VERSION = 5.0;
				TARGETED_DEVICE_FAMILY = "1,2";
				TEST_TARGET_NAME = "You Are Awesome!";
			};
			name = Release;
		};
/* End XCBuildConfiguration section */

/* Begin XCConfigurationList section */
		78FDC71426E6C62200566E53 /* Build configuration list for PBXProject "You Are Awesome!" */ = {
			isa = XCConfigurationList;
			buildConfigurations = (
				78FDC74126E6C62400566E53 /* Debug */,
				78FDC74226E6C62400566E53 /* Release */,
			);
			defaultConfigurationIsVisible = 0;
			defaultConfigurationName = Release;
		};
		78FDC74326E6C62400566E53 /* Build configuration list for PBXNativeTarget "You Are Awesome!" */ = {
			isa = XCConfigurationList;
			buildConfigurations = (
				78FDC74426E6C62400566E53 /* Debug */,
				78FDC74526E6C62400566E53 /* Release */,
			);
			defaultConfigurationIsVisible = 0;
			defaultConfigurationName = Release;
		};
		78FDC74626E6C62400566E53 /* Build configuration list for PBXNativeTarget "You Are Awesome!Tests" */ = {
			isa = XCConfigurationList;
			buildConfigurations = (
				78FDC74726E6C62400566E53 /* Debug */,
				78FDC74826E6C62400566E53 /* Release */,
			);
			defaultConfigurationIsVisible = 0;
			defaultConfigurationName = Release;
		};
		78FDC74926E6C62400566E53 /* Build configuration list for PBXNativeTarget "You Are Awesome!UITests" */ = {
			isa = XCConfigurationList;
			buildConfigurations = (
				78FDC74A26E6C62400566E53 /* Debug */,
				78FDC74B26E6C62400566E53 /* Release */,
			);
			defaultConfigurationIsVisible = 0;
			defaultConfigurationName = Release;
		};
/* End XCConfigurationList section */
	};
	rootObject = 78FDC71126E6C62200566E53 /* Project object */;
}
